
Microsoft Visual Studio Solution File, Format Version 12.00
# Visual Studio Version 16
VisualStudioVersion = 16.0.31205.134
MinimumVisualStudioVersion = 10.0.40219.1
Project("{9A19103F-16F7-4668-BE54-9A1E7A4F7556}") = "UniversityManager.Repository", "UniversityManager.Repository\UniversityManager.Repository.csproj", "{7E0DD6AD-C3A5-4608-9340-C09DC5A3203E}"
EndProject
Project("{9A19103F-16F7-4668-BE54-9A1E7A4F7556}") = "UniversityManager.DataAccess", "UniversityManager.DataAccess\UniversityManager.DataAccess.csproj", "{A83DE2C1-0B6E-41C5-87AB-7E368EB82720}"
EndProject
Project("{9A19103F-16F7-4668-BE54-9A1E7A4F7556}") = "UniversityManager.Service", "UniversityManager.Service\UniversityManager.Service.csproj", "{3CB1B296-AE87-4464-B15B-C6275BC0A36D}"
EndProject
Project("{9A19103F-16F7-4668-BE54-9A1E7A4F7556}") = "UniversityManager.Test", "UniversityManager.Test\UniversityManager.Test.csproj", "{BE58C753-C62D-44C3-8B23-B8B4F83AAFA3}"
EndProject
Project("{9A19103F-16F7-4668-BE54-9A1E7A4F7556}") = "UniversityManager.UI", "UniversityManager.UI\UniversityManager.UI.csproj", "{24D94703-B5B2-49EB-A921-ECF17D13B735}"
EndProject
Global
	GlobalSection(SolutionConfigurationPlatforms) = preSolution
		Debug|Any CPU = Debug|Any CPU
		Release|Any CPU = Release|Any CPU
	EndGlobalSection
	GlobalSection(ProjectConfigurationPlatforms) = postSolution
		{7E0DD6AD-C3A5-4608-9340-C09DC5A3203E}.Debug|Any CPU.ActiveCfg = Debug|Any CPU
		{7E0DD6AD-C3A5-4608-9340-C09DC5A3203E}.Debug|Any CPU.Build.0 = Debug|Any CPU
		{7E0DD6AD-C3A5-4608-9340-C09DC5A3203E}.Release|Any CPU.ActiveCfg = Release|Any CPU
		{7E0DD6AD-C3A5-4608-9340-C09DC5A3203E}.Release|Any CPU.Build.0 = Release|Any CPU
		{A83DE2C1-0B6E-41C5-87AB-7E368EB82720}.Debug|Any CPU.ActiveCfg = Debug|Any CPU
		{A83DE2C1-0B6E-41C5-87AB-7E368EB82720}.Debug|Any CPU.Build.0 = Debug|Any CPU
		{A83DE2C1-0B6E-41C5-87AB-7E368EB82720}.Release|Any CPU.ActiveCfg = Release|Any CPU
		{A83DE2C1-0B6E-41C5-87AB-7E368EB82720}.Release|Any CPU.Build.0 = Release|Any CPU
		{3CB1B296-AE87-4464-B15B-C6275BC0A36D}.Debug|Any CPU.ActiveCfg = Debug|Any CPU
		{3CB1B296-AE87-4464-B15B-C6275BC0A36D}.Debug|Any CPU.Build.0 = Debug|Any CPU
		{3CB1B296-AE87-4464-B15B-C6275BC0A36D}.Release|Any CPU.ActiveCfg = Release|Any CPU
		{3CB1B296-AE87-4464-B15B-C6275BC0A36D}.Release|Any CPU.Build.0 = Release|Any CPU
		{BE58C753-C62D-44C3-8B23-B8B4F83AAFA3}.Debug|Any CPU.ActiveCfg = Debug|Any CPU
		{BE58C753-C62D-44C3-8B23-B8B4F83AAFA3}.Debug|Any CPU.Build.0 = Debug|Any CPU
		{BE58C753-C62D-44C3-8B23-B8B4F83AAFA3}.Release|Any CPU.ActiveCfg = Release|Any CPU
		{BE58C753-C62D-44C3-8B23-B8B4F83AAFA3}.Release|Any CPU.Build.0 = Release|Any CPU
		{24D94703-B5B2-49EB-A921-ECF17D13B735}.Debug|Any CPU.ActiveCfg = Debug|Any CPU
		{24D94703-B5B2-49EB-A921-ECF17D13B735}.Debug|Any CPU.Build.0 = Debug|Any CPU
		{24D94703-B5B2-49EB-A921-ECF17D13B735}.Release|Any CPU.ActiveCfg = Release|Any CPU
		{24D94703-B5B2-49EB-A921-ECF17D13B735}.Release|Any CPU.Build.0 = Release|Any CPU
	EndGlobalSection
	GlobalSection(SolutionProperties) = preSolution
		HideSolutionNode = FALSE
	EndGlobalSection
	GlobalSection(ExtensibilityGlobals) = postSolution
		SolutionGuid = {18F6236C-10D6-4AC3-9556-B0436536238E}
	EndGlobalSection
EndGlobal
